
Microsoft Visual Studio Solution File, Format Version 12.00
# Visual Studio Version 17
VisualStudioVersion = 17.10.34928.147
MinimumVisualStudioVersion = 10.0.40219.1
Project("{FAE04EC0-301F-11D3-BF4B-00C04F79EFBC}") = "StudentInformationSystem.Web", "StudentInformationSystem\StudentInformationSystem.Web.csproj", "{C30BCA88-C554-4D54-8BA0-4A5AF2DA3CA8}"
EndProject
Project("{FAE04EC0-301F-11D3-BF4B-00C04F79EFBC}") = "StudentInformationSystem.Entity", "StudentInformationSystem.Entity\StudentInformationSystem.Entity.csproj", "{2DC9C61E-65FB-4003-B62B-7DB7F6E82350}"
EndProject
Project("{FAE04EC0-301F-11D3-BF4B-00C04F79EFBC}") = "StudentInformationSystem.Business", "StudentInformationSystem.Business\StudentInformationSystem.Business.csproj", "{E24C30B8-E32A-4317-A015-11C0662133D5}"
EndProject
Project("{FAE04EC0-301F-11D3-BF4B-00C04F79EFBC}") = "StudentInformationSystem.Data", "StudentInformationSystem.Data\StudentInformationSystem.Data.csproj", "{2B8A2264-7B9D-4F61-A7E2-0881C52BDBA1}"
EndProject
Global
	GlobalSection(SolutionConfigurationPlatforms) = preSolution
		Debug|Any CPU = Debug|Any CPU
		Release|Any CPU = Release|Any CPU
	EndGlobalSection
	GlobalSection(ProjectConfigurationPlatforms) = postSolution
		{C30BCA88-C554-4D54-8BA0-4A5AF2DA3CA8}.Debug|Any CPU.ActiveCfg = Debug|Any CPU
		{C30BCA88-C554-4D54-8BA0-4A5AF2DA3CA8}.Debug|Any CPU.Build.0 = Debug|Any CPU
		{C30BCA88-C554-4D54-8BA0-4A5AF2DA3CA8}.Release|Any CPU.ActiveCfg = Release|Any CPU
		{C30BCA88-C554-4D54-8BA0-4A5AF2DA3CA8}.Release|Any CPU.Build.0 = Release|Any CPU
		{2DC9C61E-65FB-4003-B62B-7DB7F6E82350}.Debug|Any CPU.ActiveCfg = Debug|Any CPU
		{2DC9C61E-65FB-4003-B62B-7DB7F6E82350}.Debug|Any CPU.Build.0 = Debug|Any CPU
		{2DC9C61E-65FB-4003-B62B-7DB7F6E82350}.Release|Any CPU.ActiveCfg = Release|Any CPU
		{2DC9C61E-65FB-4003-B62B-7DB7F6E82350}.Release|Any CPU.Build.0 = Release|Any CPU
		{E24C30B8-E32A-4317-A015-11C0662133D5}.Debug|Any CPU.ActiveCfg = Debug|Any CPU
		{E24C30B8-E32A-4317-A015-11C0662133D5}.Debug|Any CPU.Build.0 = Debug|Any CPU
		{E24C30B8-E32A-4317-A015-11C0662133D5}.Release|Any CPU.ActiveCfg = Release|Any CPU
		{E24C30B8-E32A-4317-A015-11C0662133D5}.Release|Any CPU.Build.0 = Release|Any CPU
		{2B8A2264-7B9D-4F61-A7E2-0881C52BDBA1}.Debug|Any CPU.ActiveCfg = Debug|Any CPU
		{2B8A2264-7B9D-4F61-A7E2-0881C52BDBA1}.Debug|Any CPU.Build.0 = Debug|Any CPU
		{2B8A2264-7B9D-4F61-A7E2-0881C52BDBA1}.Release|Any CPU.ActiveCfg = Release|Any CPU
		{2B8A2264-7B9D-4F61-A7E2-0881C52BDBA1}.Release|Any CPU.Build.0 = Release|Any CPU
	EndGlobalSection
	GlobalSection(SolutionProperties) = preSolution
		HideSolutionNode = FALSE
	EndGlobalSection
	GlobalSection(ExtensibilityGlobals) = postSolution
		SolutionGuid = {D8AD5855-C2CA-44BB-BA3D-DD6B566E1F88}
	EndGlobalSection
EndGlobal
